
Microsoft Visual Studio Solution File, Format Version 12.00
# Visual Studio Version 17
VisualStudioVersion = 17.3.32901.215
MinimumVisualStudioVersion = 10.0.40219.1
Project("{FAE04EC0-301F-11D3-BF4B-00C04F79EFBC}") = "quiz4-devops", "quiz4-devops\quiz4-devops.csproj", "{6A98B64F-BA89-44DA-97E3-4653B2244FD8}"
EndProject
Global
	GlobalSection(SolutionConfigurationPlatforms) = preSolution
		Debug|Any CPU = Debug|Any CPU
		Release|Any CPU = Release|Any CPU
	EndGlobalSection
	GlobalSection(ProjectConfigurationPlatforms) = postSolution
		{6A98B64F-BA89-44DA-97E3-4653B2244FD8}.Debug|Any CPU.ActiveCfg = Debug|Any CPU
		{6A98B64F-BA89-44DA-97E3-4653B2244FD8}.Debug|Any CPU.Build.0 = Debug|Any CPU
		{6A98B64F-BA89-44DA-97E3-4653B2244FD8}.Release|Any CPU.ActiveCfg = Release|Any CPU
		{6A98B64F-BA89-44DA-97E3-4653B2244FD8}.Release|Any CPU.Build.0 = Release|Any CPU
	EndGlobalSection
	GlobalSection(SolutionProperties) = preSolution
		HideSolutionNode = FALSE
	EndGlobalSection
	GlobalSection(ExtensibilityGlobals) = postSolution
		SolutionGuid = {956563EA-78CD-4C15-B748-CC9098FC8460}
	EndGlobalSection
EndGlobal
